{
  "nodes": {
    "darwin": {
      "inputs": {
        "nixpkgs": [
          "nixpkgs"
        ]
      },
      "locked": {
        "lastModified": 1741108151,
        "narHash": "sha256-Y340xoE1Vgo0eCDJi4srVjuwlr50vYSoyJrZeXHw3n0=",
        "owner": "lnl7",
        "repo": "nix-darwin",
        "rev": "d06cf700ee589527fde4bd9b91f899e7137c05a6",
        "type": "github"
      },
      "original": {
        "owner": "lnl7",
        "ref": "d06cf70",
        "repo": "nix-darwin",
        "type": "github"
      }
    },
    "home-manager": {
      "inputs": {
        "nixpkgs": [
          "nixpkgs"
        ]
      },
      "locked": {
        "lastModified": 1740699498,
        "narHash": "sha256-r9hkKzX99CGiP1ZqH0e+SWKK4CMsRNRLyotuwrUjhTI=",
        "owner": "nix-community",
        "repo": "home-manager",
        "rev": "b71edac7a3167026aabea82a54d08b1794088c21",
        "type": "github"
      },
      "original": {
        "owner": "nix-community",
        "repo": "home-manager",
        "type": "github"
      }
    },
    "nixpkgs": {
      "locked": {
        "lastModified": 1749727998,
        "narHash": "sha256-mHv/yeUbmL91/TvV95p+mBVahm9mdQMJoqaTVTALaFw=",
        "owner": "nixos",
        "repo": "nixpkgs",
        "rev": "fd487183437963a59ba763c0cc4f27e3447dd6dd",
        "type": "github"
      },
      "original": {
        "owner": "nixos",
        "ref": "nixos-25.05",
        "repo": "nixpkgs",
        "type": "github"
      }
    },
    "root": {
      "inputs": {
        "darwin": "darwin",
        "home-manager": "home-manager",
        "nixpkgs": "nixpkgs"
      }
    }
  },
  "root": "root",
  "version": 7
}
